
Microsoft Visual Studio Solution File, Format Version 12.00
# Visual Studio Version 17
VisualStudioVersion = 17.12.35707.178 d17.12
MinimumVisualStudioVersion = 10.0.40219.1
Project("{FAE04EC0-301F-11D3-BF4B-00C04F79EFBC}") = "TaskManager.API", "TaskManager.API\TaskManager.API.csproj", "{964B090B-40A3-423E-AD71-7240425A57A6}"
EndProject
Project("{FAE04EC0-301F-11D3-BF4B-00C04F79EFBC}") = "TaskManager.Client", "TaskManager.Client\TaskManager.Client.csproj", "{A375D7FF-0402-4098-A181-01B3A1CCDF76}"
EndProject
Global
	GlobalSection(SolutionConfigurationPlatforms) = preSolution
		Debug|Any CPU = Debug|Any CPU
		Release|Any CPU = Release|Any CPU
	EndGlobalSection
	GlobalSection(ProjectConfigurationPlatforms) = postSolution
		{964B090B-40A3-423E-AD71-7240425A57A6}.Debug|Any CPU.ActiveCfg = Debug|Any CPU
		{964B090B-40A3-423E-AD71-7240425A57A6}.Debug|Any CPU.Build.0 = Debug|Any CPU
		{964B090B-40A3-423E-AD71-7240425A57A6}.Release|Any CPU.ActiveCfg = Release|Any CPU
		{964B090B-40A3-423E-AD71-7240425A57A6}.Release|Any CPU.Build.0 = Release|Any CPU
		{A375D7FF-0402-4098-A181-01B3A1CCDF76}.Debug|Any CPU.ActiveCfg = Debug|Any CPU
		{A375D7FF-0402-4098-A181-01B3A1CCDF76}.Debug|Any CPU.Build.0 = Debug|Any CPU
		{A375D7FF-0402-4098-A181-01B3A1CCDF76}.Release|Any CPU.ActiveCfg = Release|Any CPU
		{A375D7FF-0402-4098-A181-01B3A1CCDF76}.Release|Any CPU.Build.0 = Release|Any CPU
	EndGlobalSection
	GlobalSection(SolutionProperties) = preSolution
		HideSolutionNode = FALSE
	EndGlobalSection
EndGlobal
